{
  "name": "MediZen2",
  "lockfileVersion": 3,
  "requires": true,
  "packages": {
    "": {
      "dependencies": {
        "@fullcalendar/core": "^6.1.11",
        "@fullcalendar/daygrid": "^6.1.11",
        "@fullcalendar/resource-timeline": "^6.1.11"
      }
    },
    "node_modules/@fullcalendar/core": {
      "version": "6.1.11",
      "resolved": "https://registry.npmjs.org/@fullcalendar/core/-/core-6.1.11.tgz",
      "integrity": "sha512-TjG7c8sUz+Vkui2FyCNJ+xqyu0nq653Ibe99A66LoW95oBo6tVhhKIaG1Wh0GVKymYiqAQN/OEdYTuj4ay27kA==",
      "dependencies": {
        "preact": "~10.12.1"
      }
    },
    "node_modules/@fullcalendar/daygrid": {
      "version": "6.1.11",
      "resolved": "https://registry.npmjs.org/@fullcalendar/daygrid/-/daygrid-6.1.11.tgz",
      "integrity": "sha512-hF5jJB7cgUIxWD5MVjj8IU407HISyLu7BWXcEIuTytkfr8oolOXeCazqnnjmRbnFOncoJQVstTtq6SIhaT32Xg==",
      "peerDependencies": {
        "@fullcalendar/core": "~6.1.11"
      }
    },
    "node_modules/@fullcalendar/premium-common": {
      "version": "6.1.11",
      "resolved": "https://registry.npmjs.org/@fullcalendar/premium-common/-/premium-common-6.1.11.tgz",
      "integrity": "sha512-3WsSizkGDJEu+AlgQlFXKI+/DYCYTRp0PQRz0vS63qKBEUsVzfSD0oi/7jCylZJlCUteIjbi4Hu1I2I5o6UHrQ==",
      "peerDependencies": {
        "@fullcalendar/core": "~6.1.11"
      }
    },
    "node_modules/@fullcalendar/resource": {
      "version": "6.1.11",
      "resolved": "https://registry.npmjs.org/@fullcalendar/resource/-/resource-6.1.11.tgz",
      "integrity": "sha512-hxTQQ+eywfcC28JeyQEdJov+Jqa73zy4xU0Gg7DTTOVlS2lFVrQKM5aMXW8iz800rPbvHFAyVwfFNHclJrRoeQ==",
      "peer": true,
      "dependencies": {
        "@fullcalendar/premium-common": "~6.1.11"
      },
      "peerDependencies": {
        "@fullcalendar/core": "~6.1.11"
      }
    },
    "node_modules/@fullcalendar/resource-timeline": {
      "version": "6.1.11",
      "resolved": "https://registry.npmjs.org/@fullcalendar/resource-timeline/-/resource-timeline-6.1.11.tgz",
      "integrity": "sha512-RIQOwGxN8n2jSIOsEGUjzoGgdYDZq8t4sUvSUfnahGwyCesMqsYNmpA+58PFy/BHPIgxyvy8awH2CnjjSN7Uiw==",
      "dependencies": {
        "@fullcalendar/premium-common": "~6.1.11",
        "@fullcalendar/scrollgrid": "~6.1.11",
        "@fullcalendar/timeline": "~6.1.11"
      },
      "peerDependencies": {
        "@fullcalendar/core": "~6.1.11",
        "@fullcalendar/resource": "~6.1.11"
      }
    },
    "node_modules/@fullcalendar/scrollgrid": {
      "version": "6.1.11",
      "resolved": "https://registry.npmjs.org/@fullcalendar/scrollgrid/-/scrollgrid-6.1.11.tgz",
      "integrity": "sha512-GRhhU8ACHqgfxdMnP59VPThfNG3Stkp9zq1sLnI992g1fZQ+V2UhYvl5qhu3eEVSp2KTDPx4NaoR35cQGrC1Mw==",
      "dependencies": {
        "@fullcalendar/premium-common": "~6.1.11"
      },
      "peerDependencies": {
        "@fullcalendar/core": "~6.1.11"
      }
    },
    "node_modules/@fullcalendar/timeline": {
      "version": "6.1.11",
      "resolved": "https://registry.npmjs.org/@fullcalendar/timeline/-/timeline-6.1.11.tgz",
      "integrity": "sha512-MGUEAHlFBWxpuhSWhZbHOtD9i+b8GZjqNV82MH+vwPHq1Jjqe8qj9Wby00vKikdWH+RuAB+IuiKjQaROEU0Ecw==",
      "dependencies": {
        "@fullcalendar/premium-common": "~6.1.11",
        "@fullcalendar/scrollgrid": "~6.1.11"
      },
      "peerDependencies": {
        "@fullcalendar/core": "~6.1.11"
      }
    },
    "node_modules/preact": {
      "version": "10.12.1",
      "resolved": "https://registry.npmjs.org/preact/-/preact-10.12.1.tgz",
      "integrity": "sha512-l8386ixSsBdbreOAkqtrwqHwdvR35ID8c3rKPa8lCWuO86dBi32QWHV4vfsZK1utLLFMvw+Z5Ad4XLkZzchscg==",
      "funding": {
        "type": "opencollective",
        "url": "https://opencollective.com/preact"
      }
    }
  }
}
